// !$*UTF8*$!
{
	archiveVersion = 1;
	classes = {
	};
	objectVersion = 56;
	objects = {

/* Begin PBXBuildFile section */
		F9D60AC22902F69300780837 /* AppDelegate.swift in Sources */ = {isa = PBXBuildFile; fileRef = F9D60AC12902F69300780837 /* AppDelegate.swift */; };
		F9D60AC42902F69300780837 /* SceneDelegate.swift in Sources */ = {isa = PBXBuildFile; fileRef = F9D60AC32902F69300780837 /* SceneDelegate.swift */; };
		F9D60AC62902F69300780837 /* ViewController.swift in Sources */ = {isa = PBXBuildFile; fileRef = F9D60AC52902F69300780837 /* ViewController.swift */; };
		F9D60AC92902F69300780837 /* Main.storyboard in Resources */ = {isa = PBXBuildFile; fileRef = F9D60AC72902F69300780837 /* Main.storyboard */; };
		F9D60ACC2902F69300780837 /* SQLiteDeneme.xcdatamodeld in Sources */ = {isa = PBXBuildFile; fileRef = F9D60ACA2902F69300780837 /* SQLiteDeneme.xcdatamodeld */; };
		F9D60ACE2902F69400780837 /* Assets.xcassets in Resources */ = {isa = PBXBuildFile; fileRef = F9D60ACD2902F69400780837 /* Assets.xcassets */; };
		F9D60AD12902F69400780837 /* LaunchScreen.storyboard in Resources */ = {isa = PBXBuildFile; fileRef = F9D60ACF2902F69400780837 /* LaunchScreen.storyboard */; };
		F9D60AD92903012500780837 /* Hero.swift in Sources */ = {isa = PBXBuildFile; fileRef = F9D60AD82903012500780837 /* Hero.swift */; };
		F9D60ADB290309FF00780837 /* TableCell.swift in Sources */ = {isa = PBXBuildFile; fileRef = F9D60ADA290309FF00780837 /* TableCell.swift */; };
/* End PBXBuildFile section */

/* Begin PBXFileReference section */
		F9D60ABE2902F69300780837 /* SQLiteDeneme.app */ = {isa = PBXFileReference; explicitFileType = wrapper.application; includeInIndex = 0; path = SQLiteDeneme.app; sourceTree = BUILT_PRODUCTS_DIR; };
		F9D60AC12902F69300780837 /* AppDelegate.swift */ = {isa = PBXFileReference; lastKnownFileType = sourcecode.swift; path = AppDelegate.swift; sourceTree = "<group>"; };
		F9D60AC32902F69300780837 /* SceneDelegate.swift */ = {isa = PBXFileReference; lastKnownFileType = sourcecode.swift; path = SceneDelegate.swift; sourceTree = "<group>"; };
		F9D60AC52902F69300780837 /* ViewController.swift */ = {isa = PBXFileReference; lastKnownFileType = sourcecode.swift; path = ViewController.swift; sourceTree = "<group>"; };
		F9D60AC82902F69300780837 /* Base */ = {isa = PBXFileReference; lastKnownFileType = file.storyboard; name = Base; path = Base.lproj/Main.storyboard; sourceTree = "<group>"; };
		F9D60ACB2902F69300780837 /* SQLiteDeneme.xcdatamodel */ = {isa = PBXFileReference; lastKnownFileType = wrapper.xcdatamodel; path = SQLiteDeneme.xcdatamodel; sourceTree = "<group>"; };
		F9D60ACD2902F69400780837 /* Assets.xcassets */ = {isa = PBXFileReference; lastKnownFileType = folder.assetcatalog; path = Assets.xcassets; sourceTree = "<group>"; };
		F9D60AD02902F69400780837 /* Base */ = {isa = PBXFileReference; lastKnownFileType = file.storyboard; name = Base; path = Base.lproj/LaunchScreen.storyboard; sourceTree = "<group>"; };
		F9D60AD22902F69400780837 /* Info.plist */ = {isa = PBXFileReference; lastKnownFileType = text.plist.xml; path = Info.plist; sourceTree = "<group>"; };
		F9D60AD82903012500780837 /* Hero.swift */ = {isa = PBXFileReference; lastKnownFileType = sourcecode.swift; path = Hero.swift; sourceTree = "<group>"; };
		F9D60ADA290309FF00780837 /* TableCell.swift */ = {isa = PBXFileReference; lastKnownFileType = sourcecode.swift; path = TableCell.swift; sourceTree = "<group>"; };
/* End PBXFileReference section */

/* Begin PBXFrameworksBuildPhase section */
		F9D60ABB2902F69300780837 /* Frameworks */ = {
			isa = PBXFrameworksBuildPhase;
			buildActionMask = 2147483647;
			files = (
			);
			runOnlyForDeploymentPostprocessing = 0;
		};
/* End PBXFrameworksBuildPhase section */

/* Begin PBXGroup section */
		F9D60AB52902F69300780837 = {
			isa = PBXGroup;
			children = (
				F9D60AC02902F69300780837 /* SQLiteDeneme */,
				F9D60ABF2902F69300780837 /* Products */,
			);
			sourceTree = "<group>";
		};
		F9D60ABF2902F69300780837 /* Products */ = {
			isa = PBXGroup;
			children = (
				F9D60ABE2902F69300780837 /* SQLiteDeneme.app */,
			);
			name = Products;
			sourceTree = "<group>";
		};
		F9D60AC02902F69300780837 /* SQLiteDeneme */ = {
			isa = PBXGroup;
			children = (
				F9D60AC12902F69300780837 /* AppDelegate.swift */,
				F9D60AC32902F69300780837 /* SceneDelegate.swift */,
				F9D60AC52902F69300780837 /* ViewController.swift */,
				F9D60AC72902F69300780837 /* Main.storyboard */,
				F9D60AD82903012500780837 /* Hero.swift */,
				F9D60ACD2902F69400780837 /* Assets.xcassets */,
				F9D60ACF2902F69400780837 /* LaunchScreen.storyboard */,
				F9D60AD22902F69400780837 /* Info.plist */,
				F9D60ACA2902F69300780837 /* SQLiteDeneme.xcdatamodeld */,
				F9D60ADA290309FF00780837 /* TableCell.swift */,
			);
			path = SQLiteDeneme;
			sourceTree = "<group>";
		};
/* End PBXGroup section */

/* Begin PBXNativeTarget section */
		F9D60ABD2902F69300780837 /* SQLiteDeneme */ = {
			isa = PBXNativeTarget;
			buildConfigurationList = F9D60AD52902F69400780837 /* Build configuration list for PBXNativeTarget "SQLiteDeneme" */;
			buildPhases = (
				F9D60ABA2902F69300780837 /* Sources */,
				F9D60ABB2902F69300780837 /* Frameworks */,
				F9D60ABC2902F69300780837 /* Resources */,
			);
			buildRules = (
			);
			dependencies = (
			);
			name = SQLiteDeneme;
			productName = SQLiteDeneme;
			productReference = F9D60ABE2902F69300780837 /* SQLiteDeneme.app */;
			productType = "com.apple.product-type.application";
		};
/* End PBXNativeTarget section */

/* Begin PBXProject section */
		F9D60AB62902F69300780837 /* Project object */ = {
			isa = PBXProject;
			attributes = {
				BuildIndependentTargetsInParallel = 1;
				LastSwiftUpdateCheck = 1400;
				LastUpgradeCheck = 1400;
				TargetAttributes = {
					F9D60ABD2902F69300780837 = {
						CreatedOnToolsVersion = 14.0.1;
					};
				};
			};
			buildConfigurationList = F9D60AB92902F69300780837 /* Build configuration list for PBXProject "SQLiteDeneme" */;
			compatibilityVersion = "Xcode 14.0";
			developmentRegion = en;
			hasScannedForEncodings = 0;
			knownRegions = (
				en,
				Base,
			);
			mainGroup = F9D60AB52902F69300780837;
			productRefGroup = F9D60ABF2902F69300780837 /* Products */;
			projectDirPath = "";
			projectRoot = "";
			targets = (
				F9D60ABD2902F69300780837 /* SQLiteDeneme */,
			);
		};
/* End PBXProject section */

/* Begin PBXResourcesBuildPhase section */
		F9D60ABC2902F69300780837 /* Resources */ = {
			isa = PBXResourcesBuildPhase;
			buildActionMask = 2147483647;
			files = (
				F9D60AD12902F69400780837 /* LaunchScreen.storyboard in Resources */,
				F9D60ACE2902F69400780837 /* Assets.xcassets in Resources */,
				F9D60AC92902F69300780837 /* Main.storyboard in Resources */,
			);
			runOnlyForDeploymentPostprocessing = 0;
		};
/* End PBXResourcesBuildPhase section */

/* Begin PBXSourcesBuildPhase section */
		F9D60ABA2902F69300780837 /* Sources */ = {
			isa = PBXSourcesBuildPhase;
			buildActionMask = 2147483647;
			files = (
				F9D60ADB290309FF00780837 /* TableCell.swift in Sources */,
				F9D60AD92903012500780837 /* Hero.swift in Sources */,
				F9D60AC62902F69300780837 /* ViewController.swift in Sources */,
				F9D60ACC2902F69300780837 /* SQLiteDeneme.xcdatamodeld in Sources */,
				F9D60AC22902F69300780837 /* AppDelegate.swift in Sources */,
				F9D60AC42902F69300780837 /* SceneDelegate.swift in Sources */,
			);
			runOnlyForDeploymentPostprocessing = 0;
		};
/* End PBXSourcesBuildPhase section */

/* Begin PBXVariantGroup section */
		F9D60AC72902F69300780837 /* Main.storyboard */ = {
			isa = PBXVariantGroup;
			children = (
				F9D60AC82902F69300780837 /* Base */,
			);
			name = Main.storyboard;
			sourceTree = "<group>";
		};
		F9D60ACF2902F69400780837 /* LaunchScreen.storyboard */ = {
			isa = PBXVariantGroup;
			children = (
				F9D60AD02902F69400780837 /* Base */,
			);
			name = LaunchScreen.storyboard;
			sourceTree = "<group>";
		};
/* End PBXVariantGroup section */

/* Begin XCBuildConfiguration section */
		F9D60AD32902F69400780837 /* Debug */ = {
			isa = XCBuildConfiguration;
			buildSettings = {
				ALWAYS_SEARCH_USER_PATHS = NO;
				CLANG_ANALYZER_NONNULL = YES;
				CLANG_ANALYZER_NUMBER_OBJECT_CONVERSION = YES_AGGRESSIVE;
				CLANG_CXX_LANGUAGE_STANDARD = "gnu++20";
				CLANG_ENABLE_MODULES = YES;
				CLANG_ENABLE_OBJC_ARC = YES;
				CLANG_ENABLE_OBJC_WEAK = YES;
				CLANG_WARN_BLOCK_CAPTURE_AUTORELEASING = YES;
				CLANG_WARN_BOOL_CONVERSION = YES;
				CLANG_WARN_COMMA = YES;
				CLANG_WARN_CONSTANT_CONVERSION = YES;
				CLANG_WARN_DEPRECATED_OBJC_IMPLEMENTATIONS = YES;
				CLANG_WARN_DIRECT_OBJC_ISA_USAGE = YES_ERROR;
				CLANG_WARN_DOCUMENTATION_COMMENTS = YES;
				CLANG_WARN_EMPTY_BODY = YES;
				CLANG_WARN_ENUM_CONVERSION = YES;
				CLANG_WARN_INFINITE_RECURSION = YES;
				CLANG_WARN_INT_CONVERSION = YES;
				CLANG_WARN_NON_LITERAL_NULL_CONVERSION = YES;
				CLANG_WARN_OBJC_IMPLICIT_RETAIN_SELF = YES;
				CLANG_WARN_OBJC_LITERAL_CONVERSION = YES;
				CLANG_WARN_OBJC_ROOT_CLASS = YES_ERROR;
				CLANG_WARN_QUOTED_INCLUDE_IN_FRAMEWORK_HEADER = YES;
				CLANG_WARN_RANGE_LOOP_ANALYSIS = YES;
				CLANG_WARN_STRICT_PROTOTYPES = YES;
				CLANG_WARN_SUSPICIOUS_MOVE = YES;
				CLANG_WARN_UNGUARDED_AVAILABILITY = YES_AGGRESSIVE;
				CLANG_WARN_UNREACHABLE_CODE = YES;
				CLANG_WARN__DUPLICATE_METHOD_MATCH = YES;
				COPY_PHASE_STRIP = NO;
				DEBUG_INFORMATION_FORMAT = dwarf;
				ENABLE_STRICT_OBJC_MSGSEND = YES;
				ENABLE_TESTABILITY = YES;
				GCC_C_LANGUAGE_STANDARD = gnu11;
				GCC_DYNAMIC_NO_PIC = NO;
				GCC_NO_COMMON_BLOCKS = YES;
				GCC_OPTIMIZATION_LEVEL = 0;
				GCC_PREPROCESSOR_DEFINITIONS = (
					"DEBUG=1",
					"$(inherited)",
				);
				GCC_WARN_64_TO_32_BIT_CONVERSION = YES;
				GCC_WARN_ABOUT_RETURN_TYPE = YES_ERROR;
				GCC_WARN_UNDECLARED_SELECTOR = YES;
				GCC_WARN_UNINITIALIZED_AUTOS = YES_AGGRESSIVE;
				GCC_WARN_UNUSED_FUNCTION = YES;
				GCC_WARN_UNUSED_VARIABLE = YES;
				IPHONEOS_DEPLOYMENT_TARGET = 16.0;
				MTL_ENABLE_DEBUG_INFO = INCLUDE_SOURCE;
				MTL_FAST_MATH = YES;
				ONLY_ACTIVE_ARCH = YES;
				SDKROOT = iphoneos;
				SWIFT_ACTIVE_COMPILATION_CONDITIONS = DEBUG;
				SWIFT_OPTIMIZATION_LEVEL = "-Onone";
			};
			name = Debug;
		};
		F9D60AD42902F69400780837 /* Release */ = {
			isa = XCBuildConfiguration;
			buildSettings = {
				ALWAYS_SEARCH_USER_PATHS = NO;
				CLANG_ANALYZER_NONNULL = YES;
				CLANG_ANALYZER_NUMBER_OBJECT_CONVERSION = YES_AGGRESSIVE;
				CLANG_CXX_LANGUAGE_STANDARD = "gnu++20";
				CLANG_ENABLE_MODULES = YES;
				CLANG_ENABLE_OBJC_ARC = YES;
				CLANG_ENABLE_OBJC_WEAK = YES;
				CLANG_WARN_BLOCK_CAPTURE_AUTORELEASING = YES;
				CLANG_WARN_BOOL_CONVERSION = YES;
				CLANG_WARN_COMMA = YES;
				CLANG_WARN_CONSTANT_CONVERSION = YES;
				CLANG_WARN_DEPRECATED_OBJC_IMPLEMENTATIONS = YES;
				CLANG_WARN_DIRECT_OBJC_ISA_USAGE = YES_ERROR;
				CLANG_WARN_DOCUMENTATION_COMMENTS = YES;
				CLANG_WARN_EMPTY_BODY = YES;
				CLANG_WARN_ENUM_CONVERSION = YES;
				CLANG_WARN_INFINITE_RECURSION = YES;
				CLANG_WARN_INT_CONVERSION = YES;
				CLANG_WARN_NON_LITERAL_NULL_CONVERSION = YES;
				CLANG_WARN_OBJC_IMPLICIT_RETAIN_SELF = YES;
				CLANG_WARN_OBJC_LITERAL_CONVERSION = YES;
				CLANG_WARN_OBJC_ROOT_CLASS = YES_ERROR;
				CLANG_WARN_QUOTED_INCLUDE_IN_FRAMEWORK_HEADER = YES;
				CLANG_WARN_RANGE_LOOP_ANALYSIS = YES;
				CLANG_WARN_STRICT_PROTOTYPES = YES;
				CLANG_WARN_SUSPICIOUS_MOVE = YES;
				CLANG_WARN_UNGUARDED_AVAILABILITY = YES_AGGRESSIVE;
				CLANG_WARN_UNREACHABLE_CODE = YES;
				CLANG_WARN__DUPLICATE_METHOD_MATCH = YES;
				COPY_PHASE_STRIP = NO;
				DEBUG_INFORMATION_FORMAT = "dwarf-with-dsym";
				ENABLE_NS_ASSERTIONS = NO;
				ENABLE_STRICT_OBJC_MSGSEND = YES;
				GCC_C_LANGUAGE_STANDARD = gnu11;
				GCC_NO_COMMON_BLOCKS = YES;
				GCC_WARN_64_TO_32_BIT_CONVERSION = YES;
				GCC_WARN_ABOUT_RETURN_TYPE = YES_ERROR;
				GCC_WARN_UNDECLARED_SELECTOR = YES;
				GCC_WARN_UNINITIALIZED_AUTOS = YES_AGGRESSIVE;
				GCC_WARN_UNUSED_FUNCTION = YES;
				GCC_WARN_UNUSED_VARIABLE = YES;
				IPHONEOS_DEPLOYMENT_TARGET = 16.0;
				MTL_ENABLE_DEBUG_INFO = NO;
				MTL_FAST_MATH = YES;
				SDKROOT = iphoneos;
				SWIFT_COMPILATION_MODE = wholemodule;
				SWIFT_OPTIMIZATION_LEVEL = "-O";
				VALIDATE_PRODUCT = YES;
			};
			name = Release;
		};
		F9D60AD62902F69400780837 /* Debug */ = {
			isa = XCBuildConfiguration;
			buildSettings = {
				ASSETCATALOG_COMPILER_APPICON_NAME = AppIcon;
				ASSETCATALOG_COMPILER_GLOBAL_ACCENT_COLOR_NAME = AccentColor;
				CODE_SIGN_STYLE = Automatic;
				CURRENT_PROJECT_VERSION = 1;
				DEVELOPMENT_TEAM = FWDK85F7C7;
				GENERATE_INFOPLIST_FILE = YES;
				INFOPLIST_FILE = SQLiteDeneme/Info.plist;
				INFOPLIST_KEY_UIApplicationSupportsIndirectInputEvents = YES;
				INFOPLIST_KEY_UILaunchStoryboardName = LaunchScreen;
				INFOPLIST_KEY_UIMainStoryboardFile = Main;
				INFOPLIST_KEY_UISupportedInterfaceOrientations_iPad = "UIInterfaceOrientationPortrait UIInterfaceOrientationPortraitUpsideDown UIInterfaceOrientationLandscapeLeft UIInterfaceOrientationLandscapeRight";
				INFOPLIST_KEY_UISupportedInterfaceOrientations_iPhone = "UIInterfaceOrientationPortrait UIInterfaceOrientationLandscapeLeft UIInterfaceOrientationLandscapeRight";
				LD_RUNPATH_SEARCH_PATHS = (
					"$(inherited)",
					"@executable_path/Frameworks",
				);
				MARKETING_VERSION = 1.0;
				PRODUCT_BUNDLE_IDENTIFIER = enesozkirdeniz.SQLiteDeneme;
				PRODUCT_NAME = "$(TARGET_NAME)";
				SWIFT_EMIT_LOC_STRINGS = YES;
				SWIFT_VERSION = 5.0;
				TARGETED_DEVICE_FAMILY = "1,2";
			};
			name = Debug;
		};
		F9D60AD72902F69400780837 /* Release */ = {
			isa = XCBuildConfiguration;
			buildSettings = {
				ASSETCATALOG_COMPILER_APPICON_NAME = AppIcon;
				ASSETCATALOG_COMPILER_GLOBAL_ACCENT_COLOR_NAME = AccentColor;
				CODE_SIGN_STYLE = Automatic;
				CURRENT_PROJECT_VERSION = 1;
				DEVELOPMENT_TEAM = FWDK85F7C7;
				GENERATE_INFOPLIST_FILE = YES;
				INFOPLIST_FILE = SQLiteDeneme/Info.plist;
				INFOPLIST_KEY_UIApplicationSupportsIndirectInputEvents = YES;
				INFOPLIST_KEY_UILaunchStoryboardName = LaunchScreen;
				INFOPLIST_KEY_UIMainStoryboardFile = Main;
				INFOPLIST_KEY_UISupportedInterfaceOrientations_iPad = "UIInterfaceOrientationPortrait UIInterfaceOrientationPortraitUpsideDown UIInterfaceOrientationLandscapeLeft UIInterfaceOrientationLandscapeRight";
				INFOPLIST_KEY_UISupportedInterfaceOrientations_iPhone = "UIInterfaceOrientationPortrait UIInterfaceOrientationLandscapeLeft UIInterfaceOrientationLandscapeRight";
				LD_RUNPATH_SEARCH_PATHS = (
					"$(inherited)",
					"@executable_path/Frameworks",
				);
				MARKETING_VERSION = 1.0;
				PRODUCT_BUNDLE_IDENTIFIER = enesozkirdeniz.SQLiteDeneme;
				PRODUCT_NAME = "$(TARGET_NAME)";
				SWIFT_EMIT_LOC_STRINGS = YES;
				SWIFT_VERSION = 5.0;
				TARGETED_DEVICE_FAMILY = "1,2";
			};
			name = Release;
		};
/* End XCBuildConfiguration section */

/* Begin XCConfigurationList section */
		F9D60AB92902F69300780837 /* Build configuration list for PBXProject "SQLiteDeneme" */ = {
			isa = XCConfigurationList;
			buildConfigurations = (
				F9D60AD32902F69400780837 /* Debug */,
				F9D60AD42902F69400780837 /* Release */,
			);
			defaultConfigurationIsVisible = 0;
			defaultConfigurationName = Release;
		};
		F9D60AD52902F69400780837 /* Build configuration list for PBXNativeTarget "SQLiteDeneme" */ = {
			isa = XCConfigurationList;
			buildConfigurations = (
				F9D60AD62902F69400780837 /* Debug */,
				F9D60AD72902F69400780837 /* Release */,
			);
			defaultConfigurationIsVisible = 0;
			defaultConfigurationName = Release;
		};
/* End XCConfigurationList section */

/* Begin XCVersionGroup section */
		F9D60ACA2902F69300780837 /* SQLiteDeneme.xcdatamodeld */ = {
			isa = XCVersionGroup;
			children = (
				F9D60ACB2902F69300780837 /* SQLiteDeneme.xcdatamodel */,
			);
			currentVersion = F9D60ACB2902F69300780837 /* SQLiteDeneme.xcdatamodel */;
			path = SQLiteDeneme.xcdatamodeld;
			sourceTree = "<group>";
			versionGroupType = wrapper.xcdatamodel;
		};
/* End XCVersionGroup section */
	};
	rootObject = F9D60AB62902F69300780837 /* Project object */;
}
